// !$*UTF8*$!
{
	archiveVersion = 1;
	classes = {
	};
	objectVersion = 56;
	objects = {

/* Begin PBXBuildFile section */
		1E53A5F22911DB9800609511 /* ActionSheetLauncher.swift in Sources */ = {isa = PBXBuildFile; fileRef = 1E53A5F12911DB9800609511 /* ActionSheetLauncher.swift */; };
		1E53A5F42912628E00609511 /* ActionSheetCell.swift in Sources */ = {isa = PBXBuildFile; fileRef = 1E53A5F32912628E00609511 /* ActionSheetCell.swift */; };
		1E53A5F6291267A000609511 /* ActionSheetViewModel.swift in Sources */ = {isa = PBXBuildFile; fileRef = 1E53A5F5291267A000609511 /* ActionSheetViewModel.swift */; };
		1E53A5F82912856D00609511 /* Notification.swift in Sources */ = {isa = PBXBuildFile; fileRef = 1E53A5F72912856D00609511 /* Notification.swift */; };
		1E53A5FA291289B400609511 /* NotificationService.swift in Sources */ = {isa = PBXBuildFile; fileRef = 1E53A5F9291289B400609511 /* NotificationService.swift */; };
		1E53A5FC291291AE00609511 /* NotificationCell.swift in Sources */ = {isa = PBXBuildFile; fileRef = 1E53A5FB291291AE00609511 /* NotificationCell.swift */; };
		1E53A5FE2912980700609511 /* NotificationViewModel.swift in Sources */ = {isa = PBXBuildFile; fileRef = 1E53A5FD2912980700609511 /* NotificationViewModel.swift */; };
		1E55DDBC290DD9C7008CD44E /* UploadTweetController.swift in Sources */ = {isa = PBXBuildFile; fileRef = 1E55DDBB290DD9C7008CD44E /* UploadTweetController.swift */; };
		1E55DDBE290E6DFD008CD44E /* InputTextView.swift in Sources */ = {isa = PBXBuildFile; fileRef = 1E55DDBD290E6DFD008CD44E /* InputTextView.swift */; };
		1E55DDC0290E7C3B008CD44E /* TweetService.swift in Sources */ = {isa = PBXBuildFile; fileRef = 1E55DDBF290E7C3B008CD44E /* TweetService.swift */; };
		1E55DDC2290E7F50008CD44E /* Tweet.swift in Sources */ = {isa = PBXBuildFile; fileRef = 1E55DDC1290E7F50008CD44E /* Tweet.swift */; };
		1E55DDC4290E897E008CD44E /* TweetCell.swift in Sources */ = {isa = PBXBuildFile; fileRef = 1E55DDC3290E897E008CD44E /* TweetCell.swift */; };
		1E55DDC7290EA02B008CD44E /* TweetViewModel.swift in Sources */ = {isa = PBXBuildFile; fileRef = 1E55DDC6290EA02B008CD44E /* TweetViewModel.swift */; };
		1E55DDC9290EA7E2008CD44E /* ProfileController.swift in Sources */ = {isa = PBXBuildFile; fileRef = 1E55DDC8290EA7E2008CD44E /* ProfileController.swift */; };
		1E55DDCB290EAE83008CD44E /* ProfileHeader.swift in Sources */ = {isa = PBXBuildFile; fileRef = 1E55DDCA290EAE83008CD44E /* ProfileHeader.swift */; };
		1E55DDCD290ED738008CD44E /* ProfileFilterView.swift in Sources */ = {isa = PBXBuildFile; fileRef = 1E55DDCC290ED738008CD44E /* ProfileFilterView.swift */; };
		1E55DDCF290ED8AC008CD44E /* ProfileFilterCell.swift in Sources */ = {isa = PBXBuildFile; fileRef = 1E55DDCE290ED8AC008CD44E /* ProfileFilterCell.swift */; };
		1E55DDD1290EDFB9008CD44E /* ProfileHeaderViewModel.swift in Sources */ = {isa = PBXBuildFile; fileRef = 1E55DDD0290EDFB9008CD44E /* ProfileHeaderViewModel.swift */; };
		1E55DDD3290FDC36008CD44E /* UserCell.swift in Sources */ = {isa = PBXBuildFile; fileRef = 1E55DDD2290FDC36008CD44E /* UserCell.swift */; };
		1E55DDD52910088A008CD44E /* TweetController.swift in Sources */ = {isa = PBXBuildFile; fileRef = 1E55DDD42910088A008CD44E /* TweetController.swift */; };
		1E55DDD729100AE4008CD44E /* TweetHeader.swift in Sources */ = {isa = PBXBuildFile; fileRef = 1E55DDD629100AE4008CD44E /* TweetHeader.swift */; };
		1E60644A29119C8E009EC1E8 /* UploadTweetViewModel.swift in Sources */ = {isa = PBXBuildFile; fileRef = 1E60644929119C8E009EC1E8 /* UploadTweetViewModel.swift */; };
		1EC7571B290BCD630098170C /* AppDelegate.swift in Sources */ = {isa = PBXBuildFile; fileRef = 1EC7571A290BCD630098170C /* AppDelegate.swift */; };
		1EC7571D290BCD630098170C /* SceneDelegate.swift in Sources */ = {isa = PBXBuildFile; fileRef = 1EC7571C290BCD630098170C /* SceneDelegate.swift */; };
		1EC75722290BCD630098170C /* Main.storyboard in Resources */ = {isa = PBXBuildFile; fileRef = 1EC75720290BCD630098170C /* Main.storyboard */; };
		1EC75724290BCD630098170C /* Assets.xcassets in Resources */ = {isa = PBXBuildFile; fileRef = 1EC75723290BCD630098170C /* Assets.xcassets */; };
		1EC75727290BCD630098170C /* LaunchScreen.storyboard in Resources */ = {isa = PBXBuildFile; fileRef = 1EC75725290BCD630098170C /* LaunchScreen.storyboard */; };
		1EC75735290BCE550098170C /* MainTabController.swift in Sources */ = {isa = PBXBuildFile; fileRef = 1EC75734290BCE550098170C /* MainTabController.swift */; };
		1EC75737290BCF4D0098170C /* FeedController.swift in Sources */ = {isa = PBXBuildFile; fileRef = 1EC75736290BCF4D0098170C /* FeedController.swift */; };
		1EC75739290BCFA40098170C /* ExploreController.swift in Sources */ = {isa = PBXBuildFile; fileRef = 1EC75738290BCFA40098170C /* ExploreController.swift */; };
		1EC7573B290BCFBA0098170C /* NotificationsController.swift in Sources */ = {isa = PBXBuildFile; fileRef = 1EC7573A290BCFBA0098170C /* NotificationsController.swift */; };
		1EC7573D290BCFDD0098170C /* ConversationsController.swift in Sources */ = {isa = PBXBuildFile; fileRef = 1EC7573C290BCFDD0098170C /* ConversationsController.swift */; };
		1EC7573F290BDE330098170C /* Extensions.swift in Sources */ = {isa = PBXBuildFile; fileRef = 1EC7573E290BDE330098170C /* Extensions.swift */; };
		1EC75742290BEB3B0098170C /* LoginController.swift in Sources */ = {isa = PBXBuildFile; fileRef = 1EC75741290BEB3B0098170C /* LoginController.swift */; };
		1EC75744290BEB970098170C /* RegistrationController.swift in Sources */ = {isa = PBXBuildFile; fileRef = 1EC75743290BEB970098170C /* RegistrationController.swift */; };
		1EC75746290BF1630098170C /* Utilities.swift in Sources */ = {isa = PBXBuildFile; fileRef = 1EC75745290BF1630098170C /* Utilities.swift */; };
		1EC7574A290C26B40098170C /* GoogleService-Info.plist in Resources */ = {isa = PBXBuildFile; fileRef = 1EC75749290C26B40098170C /* GoogleService-Info.plist */; };
		1EC7574C290C28B10098170C /* Constans.swift in Sources */ = {isa = PBXBuildFile; fileRef = 1EC7574B290C28B10098170C /* Constans.swift */; };
		1EC7574E290C38530098170C /* AuthService.swift in Sources */ = {isa = PBXBuildFile; fileRef = 1EC7574D290C38530098170C /* AuthService.swift */; };
		1EDD9EC62913F871004D49E6 /* EditProfileController.swift in Sources */ = {isa = PBXBuildFile; fileRef = 1EDD9EC52913F871004D49E6 /* EditProfileController.swift */; };
		1EDD9EC929150C18004D49E6 /* EditProfileHeader.swift in Sources */ = {isa = PBXBuildFile; fileRef = 1EDD9EC829150C18004D49E6 /* EditProfileHeader.swift */; };
		1EDD9ECB29151012004D49E6 /* EditProfileViewModel.swift in Sources */ = {isa = PBXBuildFile; fileRef = 1EDD9ECA29151012004D49E6 /* EditProfileViewModel.swift */; };
		1EDD9ECD29151062004D49E6 /* EditProfileCell.swift in Sources */ = {isa = PBXBuildFile; fileRef = 1EDD9ECC29151062004D49E6 /* EditProfileCell.swift */; };
		1EF66357290D67490075E6B2 /* UserService.swift in Sources */ = {isa = PBXBuildFile; fileRef = 1EF66356290D67490075E6B2 /* UserService.swift */; };
		1EF66359290D6D9B0075E6B2 /* User.swift in Sources */ = {isa = PBXBuildFile; fileRef = 1EF66358290D6D9B0075E6B2 /* User.swift */; };
		6397ECEFB56D6633FE07F735 /* Pods_TwitterClone.framework in Frameworks */ = {isa = PBXBuildFile; fileRef = 984A05A5D5B280C13A5E5AAD /* Pods_TwitterClone.framework */; };
/* End PBXBuildFile section */

/* Begin PBXFileReference section */
		1E53A5F12911DB9800609511 /* ActionSheetLauncher.swift */ = {isa = PBXFileReference; lastKnownFileType = sourcecode.swift; path = ActionSheetLauncher.swift; sourceTree = "<group>"; };
		1E53A5F32912628E00609511 /* ActionSheetCell.swift */ = {isa = PBXFileReference; lastKnownFileType = sourcecode.swift; path = ActionSheetCell.swift; sourceTree = "<group>"; };
		1E53A5F5291267A000609511 /* ActionSheetViewModel.swift */ = {isa = PBXFileReference; lastKnownFileType = sourcecode.swift; path = ActionSheetViewModel.swift; sourceTree = "<group>"; };
		1E53A5F72912856D00609511 /* Notification.swift */ = {isa = PBXFileReference; lastKnownFileType = sourcecode.swift; path = Notification.swift; sourceTree = "<group>"; };
		1E53A5F9291289B400609511 /* NotificationService.swift */ = {isa = PBXFileReference; lastKnownFileType = sourcecode.swift; path = NotificationService.swift; sourceTree = "<group>"; };
		1E53A5FB291291AE00609511 /* NotificationCell.swift */ = {isa = PBXFileReference; lastKnownFileType = sourcecode.swift; path = NotificationCell.swift; sourceTree = "<group>"; };
		1E53A5FD2912980700609511 /* NotificationViewModel.swift */ = {isa = PBXFileReference; lastKnownFileType = sourcecode.swift; path = NotificationViewModel.swift; sourceTree = "<group>"; };
		1E55DDBB290DD9C7008CD44E /* UploadTweetController.swift */ = {isa = PBXFileReference; lastKnownFileType = sourcecode.swift; path = UploadTweetController.swift; sourceTree = "<group>"; };
		1E55DDBD290E6DFD008CD44E /* InputTextView.swift */ = {isa = PBXFileReference; lastKnownFileType = sourcecode.swift; path = InputTextView.swift; sourceTree = "<group>"; };
		1E55DDBF290E7C3B008CD44E /* TweetService.swift */ = {isa = PBXFileReference; lastKnownFileType = sourcecode.swift; path = TweetService.swift; sourceTree = "<group>"; };
		1E55DDC1290E7F50008CD44E /* Tweet.swift */ = {isa = PBXFileReference; lastKnownFileType = sourcecode.swift; path = Tweet.swift; sourceTree = "<group>"; };
		1E55DDC3290E897E008CD44E /* TweetCell.swift */ = {isa = PBXFileReference; lastKnownFileType = sourcecode.swift; path = TweetCell.swift; sourceTree = "<group>"; };
		1E55DDC6290EA02B008CD44E /* TweetViewModel.swift */ = {isa = PBXFileReference; fileEncoding = 4; lastKnownFileType = sourcecode.swift; path = TweetViewModel.swift; sourceTree = "<group>"; };
		1E55DDC8290EA7E2008CD44E /* ProfileController.swift */ = {isa = PBXFileReference; lastKnownFileType = sourcecode.swift; path = ProfileController.swift; sourceTree = "<group>"; };
		1E55DDCA290EAE83008CD44E /* ProfileHeader.swift */ = {isa = PBXFileReference; lastKnownFileType = sourcecode.swift; path = ProfileHeader.swift; sourceTree = "<group>"; };
		1E55DDCC290ED738008CD44E /* ProfileFilterView.swift */ = {isa = PBXFileReference; lastKnownFileType = sourcecode.swift; path = ProfileFilterView.swift; sourceTree = "<group>"; };
		1E55DDCE290ED8AC008CD44E /* ProfileFilterCell.swift */ = {isa = PBXFileReference; lastKnownFileType = sourcecode.swift; path = ProfileFilterCell.swift; sourceTree = "<group>"; };
		1E55DDD0290EDFB9008CD44E /* ProfileHeaderViewModel.swift */ = {isa = PBXFileReference; lastKnownFileType = sourcecode.swift; path = ProfileHeaderViewModel.swift; sourceTree = "<group>"; };
		1E55DDD2290FDC36008CD44E /* UserCell.swift */ = {isa = PBXFileReference; lastKnownFileType = sourcecode.swift; path = UserCell.swift; sourceTree = "<group>"; };
		1E55DDD42910088A008CD44E /* TweetController.swift */ = {isa = PBXFileReference; lastKnownFileType = sourcecode.swift; path = TweetController.swift; sourceTree = "<group>"; };
		1E55DDD629100AE4008CD44E /* TweetHeader.swift */ = {isa = PBXFileReference; lastKnownFileType = sourcecode.swift; path = TweetHeader.swift; sourceTree = "<group>"; };
		1E60644929119C8E009EC1E8 /* UploadTweetViewModel.swift */ = {isa = PBXFileReference; lastKnownFileType = sourcecode.swift; path = UploadTweetViewModel.swift; sourceTree = "<group>"; };
		1EC75717290BCD630098170C /* TwitterClone.app */ = {isa = PBXFileReference; explicitFileType = wrapper.application; includeInIndex = 0; path = TwitterClone.app; sourceTree = BUILT_PRODUCTS_DIR; };
		1EC7571A290BCD630098170C /* AppDelegate.swift */ = {isa = PBXFileReference; lastKnownFileType = sourcecode.swift; path = AppDelegate.swift; sourceTree = "<group>"; };
		1EC7571C290BCD630098170C /* SceneDelegate.swift */ = {isa = PBXFileReference; lastKnownFileType = sourcecode.swift; path = SceneDelegate.swift; sourceTree = "<group>"; };
		1EC75721290BCD630098170C /* Base */ = {isa = PBXFileReference; lastKnownFileType = file.storyboard; name = Base; path = Base.lproj/Main.storyboard; sourceTree = "<group>"; };
		1EC75723290BCD630098170C /* Assets.xcassets */ = {isa = PBXFileReference; lastKnownFileType = folder.assetcatalog; path = Assets.xcassets; sourceTree = "<group>"; };
		1EC75726290BCD630098170C /* Base */ = {isa = PBXFileReference; lastKnownFileType = file.storyboard; name = Base; path = Base.lproj/LaunchScreen.storyboard; sourceTree = "<group>"; };
		1EC75728290BCD630098170C /* Info.plist */ = {isa = PBXFileReference; lastKnownFileType = text.plist.xml; path = Info.plist; sourceTree = "<group>"; };
		1EC75734290BCE550098170C /* MainTabController.swift */ = {isa = PBXFileReference; lastKnownFileType = sourcecode.swift; path = MainTabController.swift; sourceTree = "<group>"; };
		1EC75736290BCF4D0098170C /* FeedController.swift */ = {isa = PBXFileReference; lastKnownFileType = sourcecode.swift; path = FeedController.swift; sourceTree = "<group>"; };
		1EC75738290BCFA40098170C /* ExploreController.swift */ = {isa = PBXFileReference; lastKnownFileType = sourcecode.swift; path = ExploreController.swift; sourceTree = "<group>"; };
		1EC7573A290BCFBA0098170C /* NotificationsController.swift */ = {isa = PBXFileReference; lastKnownFileType = sourcecode.swift; path = NotificationsController.swift; sourceTree = "<group>"; };
		1EC7573C290BCFDD0098170C /* ConversationsController.swift */ = {isa = PBXFileReference; lastKnownFileType = sourcecode.swift; path = ConversationsController.swift; sourceTree = "<group>"; };
		1EC7573E290BDE330098170C /* Extensions.swift */ = {isa = PBXFileReference; lastKnownFileType = sourcecode.swift; path = Extensions.swift; sourceTree = "<group>"; };
		1EC75741290BEB3B0098170C /* LoginController.swift */ = {isa = PBXFileReference; lastKnownFileType = sourcecode.swift; path = LoginController.swift; sourceTree = "<group>"; };
		1EC75743290BEB970098170C /* RegistrationController.swift */ = {isa = PBXFileReference; lastKnownFileType = sourcecode.swift; path = RegistrationController.swift; sourceTree = "<group>"; };
		1EC75745290BF1630098170C /* Utilities.swift */ = {isa = PBXFileReference; lastKnownFileType = sourcecode.swift; path = Utilities.swift; sourceTree = "<group>"; };
		1EC75749290C26B40098170C /* GoogleService-Info.plist */ = {isa = PBXFileReference; fileEncoding = 4; lastKnownFileType = text.plist.xml; path = "GoogleService-Info.plist"; sourceTree = "<group>"; };
		1EC7574B290C28B10098170C /* Constans.swift */ = {isa = PBXFileReference; lastKnownFileType = sourcecode.swift; path = Constans.swift; sourceTree = "<group>"; };
		1EC7574D290C38530098170C /* AuthService.swift */ = {isa = PBXFileReference; lastKnownFileType = sourcecode.swift; path = AuthService.swift; sourceTree = "<group>"; };
		1EDD9EC52913F871004D49E6 /* EditProfileController.swift */ = {isa = PBXFileReference; lastKnownFileType = sourcecode.swift; path = EditProfileController.swift; sourceTree = "<group>"; };
		1EDD9EC829150C18004D49E6 /* EditProfileHeader.swift */ = {isa = PBXFileReference; lastKnownFileType = sourcecode.swift; path = EditProfileHeader.swift; sourceTree = "<group>"; };
		1EDD9ECA29151012004D49E6 /* EditProfileViewModel.swift */ = {isa = PBXFileReference; lastKnownFileType = sourcecode.swift; path = EditProfileViewModel.swift; sourceTree = "<group>"; };
		1EDD9ECC29151062004D49E6 /* EditProfileCell.swift */ = {isa = PBXFileReference; lastKnownFileType = sourcecode.swift; path = EditProfileCell.swift; sourceTree = "<group>"; };
		1EF66356290D67490075E6B2 /* UserService.swift */ = {isa = PBXFileReference; lastKnownFileType = sourcecode.swift; path = UserService.swift; sourceTree = "<group>"; };
		1EF66358290D6D9B0075E6B2 /* User.swift */ = {isa = PBXFileReference; lastKnownFileType = sourcecode.swift; path = User.swift; sourceTree = "<group>"; };
		984A05A5D5B280C13A5E5AAD /* Pods_TwitterClone.framework */ = {isa = PBXFileReference; explicitFileType = wrapper.framework; includeInIndex = 0; path = Pods_TwitterClone.framework; sourceTree = BUILT_PRODUCTS_DIR; };
		C8F780F42EC32D6C499F1A4D /* Pods-TwitterClone.release.xcconfig */ = {isa = PBXFileReference; includeInIndex = 1; lastKnownFileType = text.xcconfig; name = "Pods-TwitterClone.release.xcconfig"; path = "Target Support Files/Pods-TwitterClone/Pods-TwitterClone.release.xcconfig"; sourceTree = "<group>"; };
		E24239A125DED9D3A0F3458A /* Pods-TwitterClone.debug.xcconfig */ = {isa = PBXFileReference; includeInIndex = 1; lastKnownFileType = text.xcconfig; name = "Pods-TwitterClone.debug.xcconfig"; path = "Target Support Files/Pods-TwitterClone/Pods-TwitterClone.debug.xcconfig"; sourceTree = "<group>"; };
/* End PBXFileReference section */

/* Begin PBXFrameworksBuildPhase section */
		1EC75714290BCD630098170C /* Frameworks */ = {
			isa = PBXFrameworksBuildPhase;
			buildActionMask = 2147483647;
			files = (
				6397ECEFB56D6633FE07F735 /* Pods_TwitterClone.framework in Frameworks */,
			);
			runOnlyForDeploymentPostprocessing = 0;
		};
/* End PBXFrameworksBuildPhase section */

/* Begin PBXGroup section */
		1EC7570E290BCD630098170C = {
			isa = PBXGroup;
			children = (
				1EC75719290BCD630098170C /* TwitterClone */,
				1EC75718290BCD630098170C /* Products */,
				37A3E21C476B25330B654E87 /* Pods */,
				B45BCAF45A530CB90532C47A /* Frameworks */,
			);
			sourceTree = "<group>";
		};
		1EC75718290BCD630098170C /* Products */ = {
			isa = PBXGroup;
			children = (
				1EC75717290BCD630098170C /* TwitterClone.app */,
			);
			name = Products;
			sourceTree = "<group>";
		};
		1EC75719290BCD630098170C /* TwitterClone */ = {
			isa = PBXGroup;
			children = (
				1EC7572E290BCD990098170C /* Model */,
				1EC7572F290BCDAE0098170C /* View */,
				1EC75730290BCDB30098170C /* ViewModel */,
				1EC75731290BCDB70098170C /* Controller */,
				1EC75732290BCDBF0098170C /* API */,
				1EC75733290BCDC60098170C /* Utils */,
				1EC7571A290BCD630098170C /* AppDelegate.swift */,
				1EC7571C290BCD630098170C /* SceneDelegate.swift */,
				1EC75720290BCD630098170C /* Main.storyboard */,
				1EC75723290BCD630098170C /* Assets.xcassets */,
				1EC75725290BCD630098170C /* LaunchScreen.storyboard */,
				1EC75728290BCD630098170C /* Info.plist */,
				1EC75749290C26B40098170C /* GoogleService-Info.plist */,
			);
			path = TwitterClone;
			sourceTree = "<group>";
		};
		1EC7572E290BCD990098170C /* Model */ = {
			isa = PBXGroup;
			children = (
				1EF66358290D6D9B0075E6B2 /* User.swift */,
				1E55DDC1290E7F50008CD44E /* Tweet.swift */,
				1E53A5F72912856D00609511 /* Notification.swift */,
			);
			path = Model;
			sourceTree = "<group>";
		};
		1EC7572F290BCDAE0098170C /* View */ = {
			isa = PBXGroup;
			children = (
				1EDD9EC729150BF8004D49E6 /* Profile */,
				1E55DDBD290E6DFD008CD44E /* InputTextView.swift */,
				1E55DDC3290E897E008CD44E /* TweetCell.swift */,
				1E55DDD2290FDC36008CD44E /* UserCell.swift */,
				1E55DDD629100AE4008CD44E /* TweetHeader.swift */,
				1E53A5F32912628E00609511 /* ActionSheetCell.swift */,
				1E53A5FB291291AE00609511 /* NotificationCell.swift */,
			);
			path = View;
			sourceTree = "<group>";
		};
		1EC75730290BCDB30098170C /* ViewModel */ = {
			isa = PBXGroup;
			children = (
				1E55DDC6290EA02B008CD44E /* TweetViewModel.swift */,
				1E55DDD0290EDFB9008CD44E /* ProfileHeaderViewModel.swift */,
				1E60644929119C8E009EC1E8 /* UploadTweetViewModel.swift */,
				1E53A5F5291267A000609511 /* ActionSheetViewModel.swift */,
				1E53A5FD2912980700609511 /* NotificationViewModel.swift */,
				1EDD9ECA29151012004D49E6 /* EditProfileViewModel.swift */,
			);
			path = ViewModel;
			sourceTree = "<group>";
		};
		1EC75731290BCDB70098170C /* Controller */ = {
			isa = PBXGroup;
			children = (
				1EC75740290BEB220098170C /* Authentication */,
				1EC75734290BCE550098170C /* MainTabController.swift */,
				1EC75736290BCF4D0098170C /* FeedController.swift */,
				1EC75738290BCFA40098170C /* ExploreController.swift */,
				1EC7573A290BCFBA0098170C /* NotificationsController.swift */,
				1EC7573C290BCFDD0098170C /* ConversationsController.swift */,
				1E55DDBB290DD9C7008CD44E /* UploadTweetController.swift */,
				1E55DDC8290EA7E2008CD44E /* ProfileController.swift */,
				1E55DDD42910088A008CD44E /* TweetController.swift */,
				1EDD9EC52913F871004D49E6 /* EditProfileController.swift */,
			);
			path = Controller;
			sourceTree = "<group>";
		};
		1EC75732290BCDBF0098170C /* API */ = {
			isa = PBXGroup;
			children = (
				1EC7574D290C38530098170C /* AuthService.swift */,
				1EF66356290D67490075E6B2 /* UserService.swift */,
				1E55DDBF290E7C3B008CD44E /* TweetService.swift */,
				1E53A5F9291289B400609511 /* NotificationService.swift */,
			);
			path = API;
			sourceTree = "<group>";
		};
		1EC75733290BCDC60098170C /* Utils */ = {
			isa = PBXGroup;
			children = (
				1EC7573E290BDE330098170C /* Extensions.swift */,
				1EC75745290BF1630098170C /* Utilities.swift */,
				1EC7574B290C28B10098170C /* Constans.swift */,
				1E53A5F12911DB9800609511 /* ActionSheetLauncher.swift */,
			);
			path = Utils;
			sourceTree = "<group>";
		};
		1EC75740290BEB220098170C /* Authentication */ = {
			isa = PBXGroup;
			children = (
				1EC75741290BEB3B0098170C /* LoginController.swift */,
				1EC75743290BEB970098170C /* RegistrationController.swift */,
			);
			path = Authentication;
			sourceTree = "<group>";
		};
		1EDD9EC729150BF8004D49E6 /* Profile */ = {
			isa = PBXGroup;
			children = (
				1E55DDCE290ED8AC008CD44E /* ProfileFilterCell.swift */,
				1E55DDCC290ED738008CD44E /* ProfileFilterView.swift */,
				1E55DDCA290EAE83008CD44E /* ProfileHeader.swift */,
				1EDD9EC829150C18004D49E6 /* EditProfileHeader.swift */,
				1EDD9ECC29151062004D49E6 /* EditProfileCell.swift */,
			);
			path = Profile;
			sourceTree = "<group>";
		};
		37A3E21C476B25330B654E87 /* Pods */ = {
			isa = PBXGroup;
			children = (
				E24239A125DED9D3A0F3458A /* Pods-TwitterClone.debug.xcconfig */,
				C8F780F42EC32D6C499F1A4D /* Pods-TwitterClone.release.xcconfig */,
			);
			path = Pods;
			sourceTree = "<group>";
		};
		B45BCAF45A530CB90532C47A /* Frameworks */ = {
			isa = PBXGroup;
			children = (
				984A05A5D5B280C13A5E5AAD /* Pods_TwitterClone.framework */,
			);
			name = Frameworks;
			sourceTree = "<group>";
		};
/* End PBXGroup section */

/* Begin PBXNativeTarget section */
		1EC75716290BCD630098170C /* TwitterClone */ = {
			isa = PBXNativeTarget;
			buildConfigurationList = 1EC7572B290BCD630098170C /* Build configuration list for PBXNativeTarget "TwitterClone" */;
			buildPhases = (
				410D7CD0A80C7840065AD809 /* [CP] Check Pods Manifest.lock */,
				1EC75713290BCD630098170C /* Sources */,
				1EC75714290BCD630098170C /* Frameworks */,
				1EC75715290BCD630098170C /* Resources */,
				1B9CD55903E01B34F2018395 /* [CP] Embed Pods Frameworks */,
			);
			buildRules = (
			);
			dependencies = (
			);
			name = TwitterClone;
			productName = TwitterClone;
			productReference = 1EC75717290BCD630098170C /* TwitterClone.app */;
			productType = "com.apple.product-type.application";
		};
/* End PBXNativeTarget section */

/* Begin PBXProject section */
		1EC7570F290BCD630098170C /* Project object */ = {
			isa = PBXProject;
			attributes = {
				BuildIndependentTargetsInParallel = 1;
				LastSwiftUpdateCheck = 1400;
				LastUpgradeCheck = 1400;
				TargetAttributes = {
					1EC75716290BCD630098170C = {
						CreatedOnToolsVersion = 14.0;
					};
				};
			};
			buildConfigurationList = 1EC75712290BCD630098170C /* Build configuration list for PBXProject "TwitterClone" */;
			compatibilityVersion = "Xcode 14.0";
			developmentRegion = en;
			hasScannedForEncodings = 0;
			knownRegions = (
				en,
				Base,
			);
			mainGroup = 1EC7570E290BCD630098170C;
			productRefGroup = 1EC75718290BCD630098170C /* Products */;
			projectDirPath = "";
			projectRoot = "";
			targets = (
				1EC75716290BCD630098170C /* TwitterClone */,
			);
		};
/* End PBXProject section */

/* Begin PBXResourcesBuildPhase section */
		1EC75715290BCD630098170C /* Resources */ = {
			isa = PBXResourcesBuildPhase;
			buildActionMask = 2147483647;
			files = (
				1EC75727290BCD630098170C /* LaunchScreen.storyboard in Resources */,
				1EC75724290BCD630098170C /* Assets.xcassets in Resources */,
				1EC7574A290C26B40098170C /* GoogleService-Info.plist in Resources */,
				1EC75722290BCD630098170C /* Main.storyboard in Resources */,
			);
			runOnlyForDeploymentPostprocessing = 0;
		};
/* End PBXResourcesBuildPhase section */

/* Begin PBXShellScriptBuildPhase section */
		1B9CD55903E01B34F2018395 /* [CP] Embed Pods Frameworks */ = {
			isa = PBXShellScriptBuildPhase;
			buildActionMask = 2147483647;
			files = (
			);
			inputFileListPaths = (
				"${PODS_ROOT}/Target Support Files/Pods-TwitterClone/Pods-TwitterClone-frameworks-${CONFIGURATION}-input-files.xcfilelist",
			);
			name = "[CP] Embed Pods Frameworks";
			outputFileListPaths = (
				"${PODS_ROOT}/Target Support Files/Pods-TwitterClone/Pods-TwitterClone-frameworks-${CONFIGURATION}-output-files.xcfilelist",
			);
			runOnlyForDeploymentPostprocessing = 0;
			shellPath = /bin/sh;
			shellScript = "\"${PODS_ROOT}/Target Support Files/Pods-TwitterClone/Pods-TwitterClone-frameworks.sh\"\n";
			showEnvVarsInLog = 0;
		};
		410D7CD0A80C7840065AD809 /* [CP] Check Pods Manifest.lock */ = {
			isa = PBXShellScriptBuildPhase;
			buildActionMask = 2147483647;
			files = (
			);
			inputFileListPaths = (
			);
			inputPaths = (
				"${PODS_PODFILE_DIR_PATH}/Podfile.lock",
				"${PODS_ROOT}/Manifest.lock",
			);
			name = "[CP] Check Pods Manifest.lock";
			outputFileListPaths = (
			);
			outputPaths = (
				"$(DERIVED_FILE_DIR)/Pods-TwitterClone-checkManifestLockResult.txt",
			);
			runOnlyForDeploymentPostprocessing = 0;
			shellPath = /bin/sh;
			shellScript = "diff \"${PODS_PODFILE_DIR_PATH}/Podfile.lock\" \"${PODS_ROOT}/Manifest.lock\" > /dev/null\nif [ $? != 0 ] ; then\n    # print error to STDERR\n    echo \"error: The sandbox is not in sync with the Podfile.lock. Run 'pod install' or update your CocoaPods installation.\" >&2\n    exit 1\nfi\n# This output is used by Xcode 'outputs' to avoid re-running this script phase.\necho \"SUCCESS\" > \"${SCRIPT_OUTPUT_FILE_0}\"\n";
			showEnvVarsInLog = 0;
		};
/* End PBXShellScriptBuildPhase section */

/* Begin PBXSourcesBuildPhase section */
		1EC75713290BCD630098170C /* Sources */ = {
			isa = PBXSourcesBuildPhase;
			buildActionMask = 2147483647;
			files = (
				1EF66357290D67490075E6B2 /* UserService.swift in Sources */,
				1EC7573B290BCFBA0098170C /* NotificationsController.swift in Sources */,
				1E55DDBE290E6DFD008CD44E /* InputTextView.swift in Sources */,
				1E55DDCF290ED8AC008CD44E /* ProfileFilterCell.swift in Sources */,
				1EC7573D290BCFDD0098170C /* ConversationsController.swift in Sources */,
				1E55DDD3290FDC36008CD44E /* UserCell.swift in Sources */,
				1EC7574C290C28B10098170C /* Constans.swift in Sources */,
				1EDD9EC62913F871004D49E6 /* EditProfileController.swift in Sources */,
				1E53A5F42912628E00609511 /* ActionSheetCell.swift in Sources */,
				1EC75746290BF1630098170C /* Utilities.swift in Sources */,
				1E53A5FE2912980700609511 /* NotificationViewModel.swift in Sources */,
				1EC7571B290BCD630098170C /* AppDelegate.swift in Sources */,
				1E55DDD52910088A008CD44E /* TweetController.swift in Sources */,
				1E55DDC9290EA7E2008CD44E /* ProfileController.swift in Sources */,
				1E60644A29119C8E009EC1E8 /* UploadTweetViewModel.swift in Sources */,
				1E55DDCB290EAE83008CD44E /* ProfileHeader.swift in Sources */,
				1EDD9ECD29151062004D49E6 /* EditProfileCell.swift in Sources */,
				1E55DDC4290E897E008CD44E /* TweetCell.swift in Sources */,
				1EC7573F290BDE330098170C /* Extensions.swift in Sources */,
				1E53A5F82912856D00609511 /* Notification.swift in Sources */,
				1EC7574E290C38530098170C /* AuthService.swift in Sources */,
				1E55DDD1290EDFB9008CD44E /* ProfileHeaderViewModel.swift in Sources */,
				1E55DDBC290DD9C7008CD44E /* UploadTweetController.swift in Sources */,
				1EF66359290D6D9B0075E6B2 /* User.swift in Sources */,
				1EDD9EC929150C18004D49E6 /* EditProfileHeader.swift in Sources */,
				1EC75742290BEB3B0098170C /* LoginController.swift in Sources */,
				1EC75739290BCFA40098170C /* ExploreController.swift in Sources */,
				1E53A5FA291289B400609511 /* NotificationService.swift in Sources */,
				1EC7571D290BCD630098170C /* SceneDelegate.swift in Sources */,
				1E55DDD729100AE4008CD44E /* TweetHeader.swift in Sources */,
				1E55DDC7290EA02B008CD44E /* TweetViewModel.swift in Sources */,
				1E53A5F6291267A000609511 /* ActionSheetViewModel.swift in Sources */,
				1E53A5FC291291AE00609511 /* NotificationCell.swift in Sources */,
				1EDD9ECB29151012004D49E6 /* EditProfileViewModel.swift in Sources */,
				1EC75735290BCE550098170C /* MainTabController.swift in Sources */,
				1EC75744290BEB970098170C /* RegistrationController.swift in Sources */,
				1E55DDCD290ED738008CD44E /* ProfileFilterView.swift in Sources */,
				1EC75737290BCF4D0098170C /* FeedController.swift in Sources */,
				1E53A5F22911DB9800609511 /* ActionSheetLauncher.swift in Sources */,
				1E55DDC2290E7F50008CD44E /* Tweet.swift in Sources */,
				1E55DDC0290E7C3B008CD44E /* TweetService.swift in Sources */,
			);
			runOnlyForDeploymentPostprocessing = 0;
		};
/* End PBXSourcesBuildPhase section */

/* Begin PBXVariantGroup section */
		1EC75720290BCD630098170C /* Main.storyboard */ = {
			isa = PBXVariantGroup;
			children = (
				1EC75721290BCD630098170C /* Base */,
			);
			name = Main.storyboard;
			sourceTree = "<group>";
		};
		1EC75725290BCD630098170C /* LaunchScreen.storyboard */ = {
			isa = PBXVariantGroup;
			children = (
				1EC75726290BCD630098170C /* Base */,
			);
			name = LaunchScreen.storyboard;
			sourceTree = "<group>";
		};
/* End PBXVariantGroup section */

/* Begin XCBuildConfiguration section */
		1EC75729290BCD630098170C /* Debug */ = {
			isa = XCBuildConfiguration;
			buildSettings = {
				ALWAYS_SEARCH_USER_PATHS = NO;
				CLANG_ANALYZER_NONNULL = YES;
				CLANG_ANALYZER_NUMBER_OBJECT_CONVERSION = YES_AGGRESSIVE;
				CLANG_CXX_LANGUAGE_STANDARD = "gnu++20";
				CLANG_ENABLE_MODULES = YES;
				CLANG_ENABLE_OBJC_ARC = YES;
				CLANG_ENABLE_OBJC_WEAK = YES;
				CLANG_WARN_BLOCK_CAPTURE_AUTORELEASING = YES;
				CLANG_WARN_BOOL_CONVERSION = YES;
				CLANG_WARN_COMMA = YES;
				CLANG_WARN_CONSTANT_CONVERSION = YES;
				CLANG_WARN_DEPRECATED_OBJC_IMPLEMENTATIONS = YES;
				CLANG_WARN_DIRECT_OBJC_ISA_USAGE = YES_ERROR;
				CLANG_WARN_DOCUMENTATION_COMMENTS = YES;
				CLANG_WARN_EMPTY_BODY = YES;
				CLANG_WARN_ENUM_CONVERSION = YES;
				CLANG_WARN_INFINITE_RECURSION = YES;
				CLANG_WARN_INT_CONVERSION = YES;
				CLANG_WARN_NON_LITERAL_NULL_CONVERSION = YES;
				CLANG_WARN_OBJC_IMPLICIT_RETAIN_SELF = YES;
				CLANG_WARN_OBJC_LITERAL_CONVERSION = YES;
				CLANG_WARN_OBJC_ROOT_CLASS = YES_ERROR;
				CLANG_WARN_QUOTED_INCLUDE_IN_FRAMEWORK_HEADER = YES;
				CLANG_WARN_RANGE_LOOP_ANALYSIS = YES;
				CLANG_WARN_STRICT_PROTOTYPES = YES;
				CLANG_WARN_SUSPICIOUS_MOVE = YES;
				CLANG_WARN_UNGUARDED_AVAILABILITY = YES_AGGRESSIVE;
				CLANG_WARN_UNREACHABLE_CODE = YES;
				CLANG_WARN__DUPLICATE_METHOD_MATCH = YES;
				COPY_PHASE_STRIP = NO;
				DEBUG_INFORMATION_FORMAT = dwarf;
				ENABLE_STRICT_OBJC_MSGSEND = YES;
				ENABLE_TESTABILITY = YES;
				GCC_C_LANGUAGE_STANDARD = gnu11;
				GCC_DYNAMIC_NO_PIC = NO;
				GCC_NO_COMMON_BLOCKS = YES;
				GCC_OPTIMIZATION_LEVEL = 0;
				GCC_PREPROCESSOR_DEFINITIONS = (
					"DEBUG=1",
					"$(inherited)",
				);
				GCC_WARN_64_TO_32_BIT_CONVERSION = YES;
				GCC_WARN_ABOUT_RETURN_TYPE = YES_ERROR;
				GCC_WARN_UNDECLARED_SELECTOR = YES;
				GCC_WARN_UNINITIALIZED_AUTOS = YES_AGGRESSIVE;
				GCC_WARN_UNUSED_FUNCTION = YES;
				GCC_WARN_UNUSED_VARIABLE = YES;
				IPHONEOS_DEPLOYMENT_TARGET = 16.0;
				MTL_ENABLE_DEBUG_INFO = INCLUDE_SOURCE;
				MTL_FAST_MATH = YES;
				ONLY_ACTIVE_ARCH = YES;
				SDKROOT = iphoneos;
				SWIFT_ACTIVE_COMPILATION_CONDITIONS = DEBUG;
				SWIFT_OPTIMIZATION_LEVEL = "-Onone";
			};
			name = Debug;
		};
		1EC7572A290BCD630098170C /* Release */ = {
			isa = XCBuildConfiguration;
			buildSettings = {
				ALWAYS_SEARCH_USER_PATHS = NO;
				CLANG_ANALYZER_NONNULL = YES;
				CLANG_ANALYZER_NUMBER_OBJECT_CONVERSION = YES_AGGRESSIVE;
				CLANG_CXX_LANGUAGE_STANDARD = "gnu++20";
				CLANG_ENABLE_MODULES = YES;
				CLANG_ENABLE_OBJC_ARC = YES;
				CLANG_ENABLE_OBJC_WEAK = YES;
				CLANG_WARN_BLOCK_CAPTURE_AUTORELEASING = YES;
				CLANG_WARN_BOOL_CONVERSION = YES;
				CLANG_WARN_COMMA = YES;
				CLANG_WARN_CONSTANT_CONVERSION = YES;
				CLANG_WARN_DEPRECATED_OBJC_IMPLEMENTATIONS = YES;
				CLANG_WARN_DIRECT_OBJC_ISA_USAGE = YES_ERROR;
				CLANG_WARN_DOCUMENTATION_COMMENTS = YES;
				CLANG_WARN_EMPTY_BODY = YES;
				CLANG_WARN_ENUM_CONVERSION = YES;
				CLANG_WARN_INFINITE_RECURSION = YES;
				CLANG_WARN_INT_CONVERSION = YES;
				CLANG_WARN_NON_LITERAL_NULL_CONVERSION = YES;
				CLANG_WARN_OBJC_IMPLICIT_RETAIN_SELF = YES;
				CLANG_WARN_OBJC_LITERAL_CONVERSION = YES;
				CLANG_WARN_OBJC_ROOT_CLASS = YES_ERROR;
				CLANG_WARN_QUOTED_INCLUDE_IN_FRAMEWORK_HEADER = YES;
				CLANG_WARN_RANGE_LOOP_ANALYSIS = YES;
				CLANG_WARN_STRICT_PROTOTYPES = YES;
				CLANG_WARN_SUSPICIOUS_MOVE = YES;
				CLANG_WARN_UNGUARDED_AVAILABILITY = YES_AGGRESSIVE;
				CLANG_WARN_UNREACHABLE_CODE = YES;
				CLANG_WARN__DUPLICATE_METHOD_MATCH = YES;
				COPY_PHASE_STRIP = NO;
				DEBUG_INFORMATION_FORMAT = "dwarf-with-dsym";
				ENABLE_NS_ASSERTIONS = NO;
				ENABLE_STRICT_OBJC_MSGSEND = YES;
				GCC_C_LANGUAGE_STANDARD = gnu11;
				GCC_NO_COMMON_BLOCKS = YES;
				GCC_WARN_64_TO_32_BIT_CONVERSION = YES;
				GCC_WARN_ABOUT_RETURN_TYPE = YES_ERROR;
				GCC_WARN_UNDECLARED_SELECTOR = YES;
				GCC_WARN_UNINITIALIZED_AUTOS = YES_AGGRESSIVE;
				GCC_WARN_UNUSED_FUNCTION = YES;
				GCC_WARN_UNUSED_VARIABLE = YES;
				IPHONEOS_DEPLOYMENT_TARGET = 16.0;
				MTL_ENABLE_DEBUG_INFO = NO;
				MTL_FAST_MATH = YES;
				SDKROOT = iphoneos;
				SWIFT_COMPILATION_MODE = wholemodule;
				SWIFT_OPTIMIZATION_LEVEL = "-O";
				VALIDATE_PRODUCT = YES;
			};
			name = Release;
		};
		1EC7572C290BCD630098170C /* Debug */ = {
			isa = XCBuildConfiguration;
			baseConfigurationReference = E24239A125DED9D3A0F3458A /* Pods-TwitterClone.debug.xcconfig */;
			buildSettings = {
				ASSETCATALOG_COMPILER_APPICON_NAME = AppIcon;
				ASSETCATALOG_COMPILER_GLOBAL_ACCENT_COLOR_NAME = AccentColor;
				CODE_SIGN_STYLE = Automatic;
				CURRENT_PROJECT_VERSION = 1;
				DEVELOPMENT_TEAM = FU45F4SL37;
				GENERATE_INFOPLIST_FILE = YES;
				INFOPLIST_FILE = TwitterClone/Info.plist;
				INFOPLIST_KEY_UIApplicationSupportsIndirectInputEvents = YES;
				INFOPLIST_KEY_UILaunchStoryboardName = LaunchScreen;
				INFOPLIST_KEY_UIMainStoryboardFile = Main;
				INFOPLIST_KEY_UISupportedInterfaceOrientations_iPad = "UIInterfaceOrientationPortrait UIInterfaceOrientationPortraitUpsideDown UIInterfaceOrientationLandscapeLeft UIInterfaceOrientationLandscapeRight";
				INFOPLIST_KEY_UISupportedInterfaceOrientations_iPhone = "UIInterfaceOrientationPortrait UIInterfaceOrientationLandscapeLeft UIInterfaceOrientationLandscapeRight";
				IPHONEOS_DEPLOYMENT_TARGET = 13.0;
				LD_RUNPATH_SEARCH_PATHS = (
					"$(inherited)",
					"@executable_path/Frameworks",
				);
				MARKETING_VERSION = 1.0;
				PRODUCT_BUNDLE_IDENTIFIER = com.ogrodowskitomasz.TwitterClone;
				PRODUCT_NAME = "$(TARGET_NAME)";
				SWIFT_EMIT_LOC_STRINGS = YES;
				SWIFT_VERSION = 5.0;
				TARGETED_DEVICE_FAMILY = "1,2";
			};
			name = Debug;
		};
		1EC7572D290BCD630098170C /* Release */ = {
			isa = XCBuildConfiguration;
			baseConfigurationReference = C8F780F42EC32D6C499F1A4D /* Pods-TwitterClone.release.xcconfig */;
			buildSettings = {
				ASSETCATALOG_COMPILER_APPICON_NAME = AppIcon;
				ASSETCATALOG_COMPILER_GLOBAL_ACCENT_COLOR_NAME = AccentColor;
				CODE_SIGN_STYLE = Automatic;
				CURRENT_PROJECT_VERSION = 1;
				DEVELOPMENT_TEAM = FU45F4SL37;
				GENERATE_INFOPLIST_FILE = YES;
				INFOPLIST_FILE = TwitterClone/Info.plist;
				INFOPLIST_KEY_UIApplicationSupportsIndirectInputEvents = YES;
				INFOPLIST_KEY_UILaunchStoryboardName = LaunchScreen;
				INFOPLIST_KEY_UIMainStoryboardFile = Main;
				INFOPLIST_KEY_UISupportedInterfaceOrientations_iPad = "UIInterfaceOrientationPortrait UIInterfaceOrientationPortraitUpsideDown UIInterfaceOrientationLandscapeLeft UIInterfaceOrientationLandscapeRight";
				INFOPLIST_KEY_UISupportedInterfaceOrientations_iPhone = "UIInterfaceOrientationPortrait UIInterfaceOrientationLandscapeLeft UIInterfaceOrientationLandscapeRight";
				IPHONEOS_DEPLOYMENT_TARGET = 13.0;
				LD_RUNPATH_SEARCH_PATHS = (
					"$(inherited)",
					"@executable_path/Frameworks",
				);
				MARKETING_VERSION = 1.0;
				PRODUCT_BUNDLE_IDENTIFIER = com.ogrodowskitomasz.TwitterClone;
				PRODUCT_NAME = "$(TARGET_NAME)";
				SWIFT_EMIT_LOC_STRINGS = YES;
				SWIFT_VERSION = 5.0;
				TARGETED_DEVICE_FAMILY = "1,2";
			};
			name = Release;
		};
/* End XCBuildConfiguration section */

/* Begin XCConfigurationList section */
		1EC75712290BCD630098170C /* Build configuration list for PBXProject "TwitterClone" */ = {
			isa = XCConfigurationList;
			buildConfigurations = (
				1EC75729290BCD630098170C /* Debug */,
				1EC7572A290BCD630098170C /* Release */,
			);
			defaultConfigurationIsVisible = 0;
			defaultConfigurationName = Release;
		};
		1EC7572B290BCD630098170C /* Build configuration list for PBXNativeTarget "TwitterClone" */ = {
			isa = XCConfigurationList;
			buildConfigurations = (
				1EC7572C290BCD630098170C /* Debug */,
				1EC7572D290BCD630098170C /* Release */,
			);
			defaultConfigurationIsVisible = 0;
			defaultConfigurationName = Release;
		};
/* End XCConfigurationList section */
	};
	rootObject = 1EC7570F290BCD630098170C /* Project object */;
}
